
Microsoft Visual Studio Solution File, Format Version 12.00
# Visual Studio Version 16
VisualStudioVersion = 16.0.30621.155
MinimumVisualStudioVersion = 10.0.40219.1
Project("{FAE04EC0-301F-11D3-BF4B-00C04F79EFBC}") = "SEH_Test_wpf", "SEH_Test_wpf\SEH_Test_wpf.csproj", "{00FF82F1-E19C-4ED2-9A6E-B7921DFDE75F}"
EndProject
Global
	GlobalSection(SolutionConfigurationPlatforms) = preSolution
		Debug|Any CPU = Debug|Any CPU
		Release|Any CPU = Release|Any CPU
	EndGlobalSection
	GlobalSection(ProjectConfigurationPlatforms) = postSolution
		{00FF82F1-E19C-4ED2-9A6E-B7921DFDE75F}.Debug|Any CPU.ActiveCfg = Debug|Any CPU
		{00FF82F1-E19C-4ED2-9A6E-B7921DFDE75F}.Debug|Any CPU.Build.0 = Debug|Any CPU
		{00FF82F1-E19C-4ED2-9A6E-B7921DFDE75F}.Release|Any CPU.ActiveCfg = Release|Any CPU
		{00FF82F1-E19C-4ED2-9A6E-B7921DFDE75F}.Release|Any CPU.Build.0 = Release|Any CPU
	EndGlobalSection
	GlobalSection(SolutionProperties) = preSolution
		HideSolutionNode = FALSE
	EndGlobalSection
	GlobalSection(ExtensibilityGlobals) = postSolution
		SolutionGuid = {E8483031-9BFC-41F3-A6FD-5BE7F0C9CC50}
	EndGlobalSection
EndGlobal
